// !$*UTF8*$!
{
	archiveVersion = 1;
	classes = {
	};
	objectVersion = 50;
	objects = {

/* Begin PBXBuildFile section */
		A53634A922F66BE1005623FD /* SpartaHackAPI.swift in Sources */ = {isa = PBXBuildFile; fileRef = A53634A822F66BE1005623FD /* SpartaHackAPI.swift */; };
		A5B58C6A22DBC63300060CD6 /* AppDelegate.swift in Sources */ = {isa = PBXBuildFile; fileRef = A5B58C6922DBC63300060CD6 /* AppDelegate.swift */; };
		A5B58C6F22DBC63300060CD6 /* Main.storyboard in Resources */ = {isa = PBXBuildFile; fileRef = A5B58C6D22DBC63300060CD6 /* Main.storyboard */; };
		A5B58C7122DBC63300060CD6 /* Assets.xcassets in Resources */ = {isa = PBXBuildFile; fileRef = A5B58C7022DBC63300060CD6 /* Assets.xcassets */; };
		A5B58C7422DBC63300060CD6 /* LaunchScreen.storyboard in Resources */ = {isa = PBXBuildFile; fileRef = A5B58C7222DBC63300060CD6 /* LaunchScreen.storyboard */; };
		A5B58C7F22DE653000060CD6 /* ProfileViewController.swift in Sources */ = {isa = PBXBuildFile; fileRef = A5B58C7E22DE653000060CD6 /* ProfileViewController.swift */; };
		A5B58C8122DE653B00060CD6 /* MapViewController.swift in Sources */ = {isa = PBXBuildFile; fileRef = A5B58C8022DE653B00060CD6 /* MapViewController.swift */; };
		A5B58C8322DE654700060CD6 /* ScheduleViewController.swift in Sources */ = {isa = PBXBuildFile; fileRef = A5B58C8222DE654700060CD6 /* ScheduleViewController.swift */; };
		A5B58C8522DE6BD500060CD6 /* ScheduleContent.swift in Sources */ = {isa = PBXBuildFile; fileRef = A5B58C8422DE6BD500060CD6 /* ScheduleContent.swift */; };
		A5B58C8722DED90100060CD6 /* MapContent.swift in Sources */ = {isa = PBXBuildFile; fileRef = A5B58C8622DED90100060CD6 /* MapContent.swift */; };
		A5B58C8922DED90F00060CD6 /* ProfileContent.swift in Sources */ = {isa = PBXBuildFile; fileRef = A5B58C8822DED90F00060CD6 /* ProfileContent.swift */; };
/* End PBXBuildFile section */

/* Begin PBXFileReference section */
		A53634A822F66BE1005623FD /* SpartaHackAPI.swift */ = {isa = PBXFileReference; lastKnownFileType = sourcecode.swift; path = SpartaHackAPI.swift; sourceTree = "<group>"; };
		A5B58C6622DBC63300060CD6 /* SpartahackVI-iOS.app */ = {isa = PBXFileReference; explicitFileType = wrapper.application; includeInIndex = 0; path = "SpartahackVI-iOS.app"; sourceTree = BUILT_PRODUCTS_DIR; };
		A5B58C6922DBC63300060CD6 /* AppDelegate.swift */ = {isa = PBXFileReference; lastKnownFileType = sourcecode.swift; path = AppDelegate.swift; sourceTree = "<group>"; };
		A5B58C6E22DBC63300060CD6 /* Base */ = {isa = PBXFileReference; lastKnownFileType = file.storyboard; name = Base; path = Base.lproj/Main.storyboard; sourceTree = "<group>"; };
		A5B58C7022DBC63300060CD6 /* Assets.xcassets */ = {isa = PBXFileReference; lastKnownFileType = folder.assetcatalog; path = Assets.xcassets; sourceTree = "<group>"; };
		A5B58C7322DBC63300060CD6 /* Base */ = {isa = PBXFileReference; lastKnownFileType = file.storyboard; name = Base; path = Base.lproj/LaunchScreen.storyboard; sourceTree = "<group>"; };
		A5B58C7522DBC63300060CD6 /* Info.plist */ = {isa = PBXFileReference; lastKnownFileType = text.plist.xml; path = Info.plist; sourceTree = "<group>"; };
		A5B58C7E22DE653000060CD6 /* ProfileViewController.swift */ = {isa = PBXFileReference; lastKnownFileType = sourcecode.swift; path = ProfileViewController.swift; sourceTree = "<group>"; };
		A5B58C8022DE653B00060CD6 /* MapViewController.swift */ = {isa = PBXFileReference; lastKnownFileType = sourcecode.swift; path = MapViewController.swift; sourceTree = "<group>"; };
		A5B58C8222DE654700060CD6 /* ScheduleViewController.swift */ = {isa = PBXFileReference; lastKnownFileType = sourcecode.swift; path = ScheduleViewController.swift; sourceTree = "<group>"; };
		A5B58C8422DE6BD500060CD6 /* ScheduleContent.swift */ = {isa = PBXFileReference; lastKnownFileType = sourcecode.swift; path = ScheduleContent.swift; sourceTree = "<group>"; };
		A5B58C8622DED90100060CD6 /* MapContent.swift */ = {isa = PBXFileReference; lastKnownFileType = sourcecode.swift; path = MapContent.swift; sourceTree = "<group>"; };
		A5B58C8822DED90F00060CD6 /* ProfileContent.swift */ = {isa = PBXFileReference; lastKnownFileType = sourcecode.swift; path = ProfileContent.swift; sourceTree = "<group>"; };
/* End PBXFileReference section */

/* Begin PBXFrameworksBuildPhase section */
		A5B58C6322DBC63300060CD6 /* Frameworks */ = {
			isa = PBXFrameworksBuildPhase;
			buildActionMask = 2147483647;
			files = (
			);
			runOnlyForDeploymentPostprocessing = 0;
		};
/* End PBXFrameworksBuildPhase section */

/* Begin PBXGroup section */
		A53634A722F66BC1005623FD /* SpartaHackAPI */ = {
			isa = PBXGroup;
			children = (
				A53634A822F66BE1005623FD /* SpartaHackAPI.swift */,
			);
			path = SpartaHackAPI;
			sourceTree = "<group>";
		};
		A5B58C5D22DBC63300060CD6 = {
			isa = PBXGroup;
			children = (
				A5B58C6822DBC63300060CD6 /* SpartahackVI-iOS */,
				A5B58C6722DBC63300060CD6 /* Products */,
			);
			sourceTree = "<group>";
		};
		A5B58C6722DBC63300060CD6 /* Products */ = {
			isa = PBXGroup;
			children = (
				A5B58C6622DBC63300060CD6 /* SpartahackVI-iOS.app */,
			);
			name = Products;
			sourceTree = "<group>";
		};
		A5B58C6822DBC63300060CD6 /* SpartahackVI-iOS */ = {
			isa = PBXGroup;
			children = (
				A53634A722F66BC1005623FD /* SpartaHackAPI */,
				A5B58C7D22DE651700060CD6 /* Profile */,
				A5B58C7C22DE64CC00060CD6 /* Map */,
				A5B58C7B22DE64C200060CD6 /* Schedule */,
				A5B58C6922DBC63300060CD6 /* AppDelegate.swift */,
				A5B58C6D22DBC63300060CD6 /* Main.storyboard */,
				A5B58C7022DBC63300060CD6 /* Assets.xcassets */,
				A5B58C7222DBC63300060CD6 /* LaunchScreen.storyboard */,
				A5B58C7522DBC63300060CD6 /* Info.plist */,
			);
			path = "SpartahackVI-iOS";
			sourceTree = "<group>";
		};
		A5B58C7B22DE64C200060CD6 /* Schedule */ = {
			isa = PBXGroup;
			children = (
				A5B58C8222DE654700060CD6 /* ScheduleViewController.swift */,
				A5B58C8422DE6BD500060CD6 /* ScheduleContent.swift */,
			);
			path = Schedule;
			sourceTree = "<group>";
		};
		A5B58C7C22DE64CC00060CD6 /* Map */ = {
			isa = PBXGroup;
			children = (
				A5B58C8022DE653B00060CD6 /* MapViewController.swift */,
				A5B58C8622DED90100060CD6 /* MapContent.swift */,
			);
			path = Map;
			sourceTree = "<group>";
		};
		A5B58C7D22DE651700060CD6 /* Profile */ = {
			isa = PBXGroup;
			children = (
				A5B58C7E22DE653000060CD6 /* ProfileViewController.swift */,
				A5B58C8822DED90F00060CD6 /* ProfileContent.swift */,
			);
			path = Profile;
			sourceTree = "<group>";
		};
/* End PBXGroup section */

/* Begin PBXNativeTarget section */
		A5B58C6522DBC63300060CD6 /* SpartahackVI-iOS */ = {
			isa = PBXNativeTarget;
			buildConfigurationList = A5B58C7822DBC63300060CD6 /* Build configuration list for PBXNativeTarget "SpartahackVI-iOS" */;
			buildPhases = (
				A5B58C6222DBC63300060CD6 /* Sources */,
				A5B58C6322DBC63300060CD6 /* Frameworks */,
				A5B58C6422DBC63300060CD6 /* Resources */,
			);
			buildRules = (
			);
			dependencies = (
			);
			name = "SpartahackVI-iOS";
			productName = "SpartahackVI-iOS";
			productReference = A5B58C6622DBC63300060CD6 /* SpartahackVI-iOS.app */;
			productType = "com.apple.product-type.application";
		};
/* End PBXNativeTarget section */

/* Begin PBXProject section */
		A5B58C5E22DBC63300060CD6 /* Project object */ = {
			isa = PBXProject;
			attributes = {
				LastSwiftUpdateCheck = 1020;
				LastUpgradeCheck = 1020;
				ORGANIZATIONNAME = wi2;
				TargetAttributes = {
					A5B58C6522DBC63300060CD6 = {
						CreatedOnToolsVersion = 10.2.1;
					};
				};
			};
			buildConfigurationList = A5B58C6122DBC63300060CD6 /* Build configuration list for PBXProject "SpartahackVI-iOS" */;
			compatibilityVersion = "Xcode 9.3";
			developmentRegion = en;
			hasScannedForEncodings = 0;
			knownRegions = (
				en,
				Base,
			);
			mainGroup = A5B58C5D22DBC63300060CD6;
			productRefGroup = A5B58C6722DBC63300060CD6 /* Products */;
			projectDirPath = "";
			projectRoot = "";
			targets = (
				A5B58C6522DBC63300060CD6 /* SpartahackVI-iOS */,
			);
		};
/* End PBXProject section */

/* Begin PBXResourcesBuildPhase section */
		A5B58C6422DBC63300060CD6 /* Resources */ = {
			isa = PBXResourcesBuildPhase;
			buildActionMask = 2147483647;
			files = (
				A5B58C7422DBC63300060CD6 /* LaunchScreen.storyboard in Resources */,
				A5B58C7122DBC63300060CD6 /* Assets.xcassets in Resources */,
				A5B58C6F22DBC63300060CD6 /* Main.storyboard in Resources */,
			);
			runOnlyForDeploymentPostprocessing = 0;
		};
/* End PBXResourcesBuildPhase section */

/* Begin PBXSourcesBuildPhase section */
		A5B58C6222DBC63300060CD6 /* Sources */ = {
			isa = PBXSourcesBuildPhase;
			buildActionMask = 2147483647;
			files = (
				A5B58C8722DED90100060CD6 /* MapContent.swift in Sources */,
				A5B58C8322DE654700060CD6 /* ScheduleViewController.swift in Sources */,
				A53634A922F66BE1005623FD /* SpartaHackAPI.swift in Sources */,
				A5B58C7F22DE653000060CD6 /* ProfileViewController.swift in Sources */,
				A5B58C6A22DBC63300060CD6 /* AppDelegate.swift in Sources */,
				A5B58C8522DE6BD500060CD6 /* ScheduleContent.swift in Sources */,
				A5B58C8122DE653B00060CD6 /* MapViewController.swift in Sources */,
				A5B58C8922DED90F00060CD6 /* ProfileContent.swift in Sources */,
			);
			runOnlyForDeploymentPostprocessing = 0;
		};
/* End PBXSourcesBuildPhase section */

/* Begin PBXVariantGroup section */
		A5B58C6D22DBC63300060CD6 /* Main.storyboard */ = {
			isa = PBXVariantGroup;
			children = (
				A5B58C6E22DBC63300060CD6 /* Base */,
			);
			name = Main.storyboard;
			sourceTree = "<group>";
		};
		A5B58C7222DBC63300060CD6 /* LaunchScreen.storyboard */ = {
			isa = PBXVariantGroup;
			children = (
				A5B58C7322DBC63300060CD6 /* Base */,
			);
			name = LaunchScreen.storyboard;
			sourceTree = "<group>";
		};
/* End PBXVariantGroup section */

/* Begin XCBuildConfiguration section */
		A5B58C7622DBC63300060CD6 /* Debug */ = {
			isa = XCBuildConfiguration;
			buildSettings = {
				ALWAYS_SEARCH_USER_PATHS = NO;
				CLANG_ANALYZER_NONNULL = YES;
				CLANG_ANALYZER_NUMBER_OBJECT_CONVERSION = YES_AGGRESSIVE;
				CLANG_CXX_LANGUAGE_STANDARD = "gnu++14";
				CLANG_CXX_LIBRARY = "libc++";
				CLANG_ENABLE_MODULES = YES;
				CLANG_ENABLE_OBJC_ARC = YES;
				CLANG_ENABLE_OBJC_WEAK = YES;
				CLANG_WARN_BLOCK_CAPTURE_AUTORELEASING = YES;
				CLANG_WARN_BOOL_CONVERSION = YES;
				CLANG_WARN_COMMA = YES;
				CLANG_WARN_CONSTANT_CONVERSION = YES;
				CLANG_WARN_DEPRECATED_OBJC_IMPLEMENTATIONS = YES;
				CLANG_WARN_DIRECT_OBJC_ISA_USAGE = YES_ERROR;
				CLANG_WARN_DOCUMENTATION_COMMENTS = YES;
				CLANG_WARN_EMPTY_BODY = YES;
				CLANG_WARN_ENUM_CONVERSION = YES;
				CLANG_WARN_INFINITE_RECURSION = YES;
				CLANG_WARN_INT_CONVERSION = YES;
				CLANG_WARN_NON_LITERAL_NULL_CONVERSION = YES;
				CLANG_WARN_OBJC_IMPLICIT_RETAIN_SELF = YES;
				CLANG_WARN_OBJC_LITERAL_CONVERSION = YES;
				CLANG_WARN_OBJC_ROOT_CLASS = YES_ERROR;
				CLANG_WARN_RANGE_LOOP_ANALYSIS = YES;
				CLANG_WARN_STRICT_PROTOTYPES = YES;
				CLANG_WARN_SUSPICIOUS_MOVE = YES;
				CLANG_WARN_UNGUARDED_AVAILABILITY = YES_AGGRESSIVE;
				CLANG_WARN_UNREACHABLE_CODE = YES;
				CLANG_WARN__DUPLICATE_METHOD_MATCH = YES;
				CODE_SIGN_IDENTITY = "iPhone Developer";
				COPY_PHASE_STRIP = NO;
				DEBUG_INFORMATION_FORMAT = dwarf;
				ENABLE_STRICT_OBJC_MSGSEND = YES;
				ENABLE_TESTABILITY = YES;
				GCC_C_LANGUAGE_STANDARD = gnu11;
				GCC_DYNAMIC_NO_PIC = NO;
				GCC_NO_COMMON_BLOCKS = YES;
				GCC_OPTIMIZATION_LEVEL = 0;
				GCC_PREPROCESSOR_DEFINITIONS = (
					"DEBUG=1",
					"$(inherited)",
				);
				GCC_WARN_64_TO_32_BIT_CONVERSION = YES;
				GCC_WARN_ABOUT_RETURN_TYPE = YES_ERROR;
				GCC_WARN_UNDECLARED_SELECTOR = YES;
				GCC_WARN_UNINITIALIZED_AUTOS = YES_AGGRESSIVE;
				GCC_WARN_UNUSED_FUNCTION = YES;
				GCC_WARN_UNUSED_VARIABLE = YES;
				IPHONEOS_DEPLOYMENT_TARGET = 12.2;
				MTL_ENABLE_DEBUG_INFO = INCLUDE_SOURCE;
				MTL_FAST_MATH = YES;
				ONLY_ACTIVE_ARCH = YES;
				SDKROOT = iphoneos;
				SWIFT_ACTIVE_COMPILATION_CONDITIONS = DEBUG;
				SWIFT_OPTIMIZATION_LEVEL = "-Onone";
			};
			name = Debug;
		};
		A5B58C7722DBC63300060CD6 /* Release */ = {
			isa = XCBuildConfiguration;
			buildSettings = {
				ALWAYS_SEARCH_USER_PATHS = NO;
				CLANG_ANALYZER_NONNULL = YES;
				CLANG_ANALYZER_NUMBER_OBJECT_CONVERSION = YES_AGGRESSIVE;
				CLANG_CXX_LANGUAGE_STANDARD = "gnu++14";
				CLANG_CXX_LIBRARY = "libc++";
				CLANG_ENABLE_MODULES = YES;
				CLANG_ENABLE_OBJC_ARC = YES;
				CLANG_ENABLE_OBJC_WEAK = YES;
				CLANG_WARN_BLOCK_CAPTURE_AUTORELEASING = YES;
				CLANG_WARN_BOOL_CONVERSION = YES;
				CLANG_WARN_COMMA = YES;
				CLANG_WARN_CONSTANT_CONVERSION = YES;
				CLANG_WARN_DEPRECATED_OBJC_IMPLEMENTATIONS = YES;
				CLANG_WARN_DIRECT_OBJC_ISA_USAGE = YES_ERROR;
				CLANG_WARN_DOCUMENTATION_COMMENTS = YES;
				CLANG_WARN_EMPTY_BODY = YES;
				CLANG_WARN_ENUM_CONVERSION = YES;
				CLANG_WARN_INFINITE_RECURSION = YES;
				CLANG_WARN_INT_CONVERSION = YES;
				CLANG_WARN_NON_LITERAL_NULL_CONVERSION = YES;
				CLANG_WARN_OBJC_IMPLICIT_RETAIN_SELF = YES;
				CLANG_WARN_OBJC_LITERAL_CONVERSION = YES;
				CLANG_WARN_OBJC_ROOT_CLASS = YES_ERROR;
				CLANG_WARN_RANGE_LOOP_ANALYSIS = YES;
				CLANG_WARN_STRICT_PROTOTYPES = YES;
				CLANG_WARN_SUSPICIOUS_MOVE = YES;
				CLANG_WARN_UNGUARDED_AVAILABILITY = YES_AGGRESSIVE;
				CLANG_WARN_UNREACHABLE_CODE = YES;
				CLANG_WARN__DUPLICATE_METHOD_MATCH = YES;
				CODE_SIGN_IDENTITY = "iPhone Developer";
				COPY_PHASE_STRIP = NO;
				DEBUG_INFORMATION_FORMAT = "dwarf-with-dsym";
				ENABLE_NS_ASSERTIONS = NO;
				ENABLE_STRICT_OBJC_MSGSEND = YES;
				GCC_C_LANGUAGE_STANDARD = gnu11;
				GCC_NO_COMMON_BLOCKS = YES;
				GCC_WARN_64_TO_32_BIT_CONVERSION = YES;
				GCC_WARN_ABOUT_RETURN_TYPE = YES_ERROR;
				GCC_WARN_UNDECLARED_SELECTOR = YES;
				GCC_WARN_UNINITIALIZED_AUTOS = YES_AGGRESSIVE;
				GCC_WARN_UNUSED_FUNCTION = YES;
				GCC_WARN_UNUSED_VARIABLE = YES;
				IPHONEOS_DEPLOYMENT_TARGET = 12.2;
				MTL_ENABLE_DEBUG_INFO = NO;
				MTL_FAST_MATH = YES;
				SDKROOT = iphoneos;
				SWIFT_COMPILATION_MODE = wholemodule;
				SWIFT_OPTIMIZATION_LEVEL = "-O";
				VALIDATE_PRODUCT = YES;
			};
			name = Release;
		};
		A5B58C7922DBC63300060CD6 /* Debug */ = {
			isa = XCBuildConfiguration;
			buildSettings = {
				ASSETCATALOG_COMPILER_APPICON_NAME = AppIcon;
				CODE_SIGN_STYLE = Automatic;
				DEVELOPMENT_TEAM = CQDTS59CXG;
				INFOPLIST_FILE = "SpartahackVI-iOS/Info.plist";
				LD_RUNPATH_SEARCH_PATHS = (
					"$(inherited)",
					"@executable_path/Frameworks",
				);
				PRODUCT_BUNDLE_IDENTIFIER = "wi2.SpartahackVI-iOS";
				PRODUCT_NAME = "$(TARGET_NAME)";
				SWIFT_VERSION = 5.0;
				TARGETED_DEVICE_FAMILY = "1,2";
			};
			name = Debug;
		};
		A5B58C7A22DBC63300060CD6 /* Release */ = {
			isa = XCBuildConfiguration;
			buildSettings = {
				ASSETCATALOG_COMPILER_APPICON_NAME = AppIcon;
				CODE_SIGN_STYLE = Automatic;
				DEVELOPMENT_TEAM = CQDTS59CXG;
				INFOPLIST_FILE = "SpartahackVI-iOS/Info.plist";
				LD_RUNPATH_SEARCH_PATHS = (
					"$(inherited)",
					"@executable_path/Frameworks",
				);
				PRODUCT_BUNDLE_IDENTIFIER = "wi2.SpartahackVI-iOS";
				PRODUCT_NAME = "$(TARGET_NAME)";
				SWIFT_VERSION = 5.0;
				TARGETED_DEVICE_FAMILY = "1,2";
			};
			name = Release;
		};
/* End XCBuildConfiguration section */

/* Begin XCConfigurationList section */
		A5B58C6122DBC63300060CD6 /* Build configuration list for PBXProject "SpartahackVI-iOS" */ = {
			isa = XCConfigurationList;
			buildConfigurations = (
				A5B58C7622DBC63300060CD6 /* Debug */,
				A5B58C7722DBC63300060CD6 /* Release */,
			);
			defaultConfigurationIsVisible = 0;
			defaultConfigurationName = Release;
		};
		A5B58C7822DBC63300060CD6 /* Build configuration list for PBXNativeTarget "SpartahackVI-iOS" */ = {
			isa = XCConfigurationList;
			buildConfigurations = (
				A5B58C7922DBC63300060CD6 /* Debug */,
				A5B58C7A22DBC63300060CD6 /* Release */,
			);
			defaultConfigurationIsVisible = 0;
			defaultConfigurationName = Release;
		};
/* End XCConfigurationList section */
	};
	rootObject = A5B58C5E22DBC63300060CD6 /* Project object */;
}
